
Microsoft Visual Studio Solution File, Format Version 12.00
# Visual Studio Version 18
VisualStudioVersion = 18.6.11806.211
MinimumVisualStudioVersion = 10.0.40219.1
Project("{FAE04EC0-301F-11D3-BF4B-00C04F79EFBC}") = "ApiFestivos", "ApiFestivos.csproj", "{DA0E5BA6-34DA-A418-34D9-AD41C09A5B7E}"
EndProject
Project("{FAE04EC0-301F-11D3-BF4B-00C04F79EFBC}") = "apiFestivos.dominio", "..\apiFestivos.dominio\apiFestivos.dominio.csproj", "{F9B96E3B-E7D8-4943-9199-BF18A6E5B8DA}"
EndProject
Project("{FAE04EC0-301F-11D3-BF4B-00C04F79EFBC}") = "apiFestivos.infraestructura", "..\apiFestivos.infraestructura\apiFestivos.infraestructura.csproj", "{A2EA6CF7-2814-44DC-B206-59AA3B5DFD49}"
EndProject
Global
	GlobalSection(SolutionConfigurationPlatforms) = preSolution
		Debug|Any CPU = Debug|Any CPU
		Debug|x64 = Debug|x64
		Debug|x86 = Debug|x86
		Release|Any CPU = Release|Any CPU
		Release|x64 = Release|x64
		Release|x86 = Release|x86
	EndGlobalSection
	GlobalSection(ProjectConfigurationPlatforms) = postSolution
		{DA0E5BA6-34DA-A418-34D9-AD41C09A5B7E}.Debug|Any CPU.ActiveCfg = Debug|Any CPU
		{DA0E5BA6-34DA-A418-34D9-AD41C09A5B7E}.Debug|Any CPU.Build.0 = Debug|Any CPU
		{DA0E5BA6-34DA-A418-34D9-AD41C09A5B7E}.Debug|x64.ActiveCfg = Debug|Any CPU
		{DA0E5BA6-34DA-A418-34D9-AD41C09A5B7E}.Debug|x64.Build.0 = Debug|Any CPU
		{DA0E5BA6-34DA-A418-34D9-AD41C09A5B7E}.Debug|x86.ActiveCfg = Debug|Any CPU
		{DA0E5BA6-34DA-A418-34D9-AD41C09A5B7E}.Debug|x86.Build.0 = Debug|Any CPU
		{DA0E5BA6-34DA-A418-34D9-AD41C09A5B7E}.Release|Any CPU.ActiveCfg = Release|Any CPU
		{DA0E5BA6-34DA-A418-34D9-AD41C09A5B7E}.Release|Any CPU.Build.0 = Release|Any CPU
		{DA0E5BA6-34DA-A418-34D9-AD41C09A5B7E}.Release|x64.ActiveCfg = Release|Any CPU
		{DA0E5BA6-34DA-A418-34D9-AD41C09A5B7E}.Release|x64.Build.0 = Release|Any CPU
		{DA0E5BA6-34DA-A418-34D9-AD41C09A5B7E}.Release|x86.ActiveCfg = Release|Any CPU
		{DA0E5BA6-34DA-A418-34D9-AD41C09A5B7E}.Release|x86.Build.0 = Release|Any CPU
		{F9B96E3B-E7D8-4943-9199-BF18A6E5B8DA}.Debug|Any CPU.ActiveCfg = Debug|Any CPU
		{F9B96E3B-E7D8-4943-9199-BF18A6E5B8DA}.Debug|Any CPU.Build.0 = Debug|Any CPU
		{F9B96E3B-E7D8-4943-9199-BF18A6E5B8DA}.Debug|x64.ActiveCfg = Debug|Any CPU
		{F9B96E3B-E7D8-4943-9199-BF18A6E5B8DA}.Debug|x64.Build.0 = Debug|Any CPU
		{F9B96E3B-E7D8-4943-9199-BF18A6E5B8DA}.Debug|x86.ActiveCfg = Debug|Any CPU
		{F9B96E3B-E7D8-4943-9199-BF18A6E5B8DA}.Debug|x86.Build.0 = Debug|Any CPU
		{F9B96E3B-E7D8-4943-9199-BF18A6E5B8DA}.Release|Any CPU.ActiveCfg = Release|Any CPU
		{F9B96E3B-E7D8-4943-9199-BF18A6E5B8DA}.Release|Any CPU.Build.0 = Release|Any CPU
		{F9B96E3B-E7D8-4943-9199-BF18A6E5B8DA}.Release|x64.ActiveCfg = Release|Any CPU
		{F9B96E3B-E7D8-4943-9199-BF18A6E5B8DA}.Release|x64.Build.0 = Release|Any CPU
		{F9B96E3B-E7D8-4943-9199-BF18A6E5B8DA}.Release|x86.ActiveCfg = Release|Any CPU
		{F9B96E3B-E7D8-4943-9199-BF18A6E5B8DA}.Release|x86.Build.0 = Release|Any CPU
		{A2EA6CF7-2814-44DC-B206-59AA3B5DFD49}.Debug|Any CPU.ActiveCfg = Debug|Any CPU
		{A2EA6CF7-2814-44DC-B206-59AA3B5DFD49}.Debug|Any CPU.Build.0 = Debug|Any CPU
		{A2EA6CF7-2814-44DC-B206-59AA3B5DFD49}.Debug|x64.ActiveCfg = Debug|Any CPU
		{A2EA6CF7-2814-44DC-B206-59AA3B5DFD49}.Debug|x64.Build.0 = Debug|Any CPU
		{A2EA6CF7-2814-44DC-B206-59AA3B5DFD49}.Debug|x86.ActiveCfg = Debug|Any CPU
		{A2EA6CF7-2814-44DC-B206-59AA3B5DFD49}.Debug|x86.Build.0 = Debug|Any CPU
		{A2EA6CF7-2814-44DC-B206-59AA3B5DFD49}.Release|Any CPU.ActiveCfg = Release|Any CPU
		{A2EA6CF7-2814-44DC-B206-59AA3B5DFD49}.Release|Any CPU.Build.0 = Release|Any CPU
		{A2EA6CF7-2814-44DC-B206-59AA3B5DFD49}.Release|x64.ActiveCfg = Release|Any CPU
		{A2EA6CF7-2814-44DC-B206-59AA3B5DFD49}.Release|x64.Build.0 = Release|Any CPU
		{A2EA6CF7-2814-44DC-B206-59AA3B5DFD49}.Release|x86.ActiveCfg = Release|Any CPU
		{A2EA6CF7-2814-44DC-B206-59AA3B5DFD49}.Release|x86.Build.0 = Release|Any CPU
	EndGlobalSection
	GlobalSection(SolutionProperties) = preSolution
		HideSolutionNode = FALSE
	EndGlobalSection
	GlobalSection(ExtensibilityGlobals) = postSolution
		SolutionGuid = {C644D2F2-1610-4184-B404-3CFC5571F6E4}
	EndGlobalSection
EndGlobal
